
Microsoft Visual Studio Solution File, Format Version 12.00
# Visual Studio 2013
VisualStudioVersion = 12.0.31101.0
MinimumVisualStudioVersion = 10.0.40219.1
Project("{FAE04EC0-301F-11D3-BF4B-00C04F79EFBC}") = "BlueOcean.WinPhone", "BlueOcean\BlueOcean.WinPhone\BlueOcean.WinPhone.csproj", "{4AD950E1-C4BB-4A22-BF4B-2C2C29FDE179}"
EndProject
Project("{FAE04EC0-301F-11D3-BF4B-00C04F79EFBC}") = "BlueOcean.iOS", "BlueOcean\BlueOcean.iOS\BlueOcean.iOS.csproj", "{1405E853-CE8A-433F-9738-EADD71EEA0DB}"
EndProject
Project("{FAE04EC0-301F-11D3-BF4B-00C04F79EFBC}") = "BlueOcean.Droid", "BlueOcean\BlueOcean.Droid\BlueOcean.Droid.csproj", "{F87337DE-B516-494C-ACAA-EA75AC9B52E9}"
EndProject
Project("{D954291E-2A0B-460D-934E-DC6B0785DB48}") = "BlueOcean", "BlueOcean\BlueOcean\BlueOcean.shproj", "{9EE23D76-399D-4517-ABC4-85177E11CAFD}"
EndProject
Global
	GlobalSection(SharedMSBuildProjectFiles) = preSolution
		BlueOcean\BlueOcean\BlueOcean.projitems*{4ad950e1-c4bb-4a22-bf4b-2c2c29fde179}*SharedItemsImports = 4
		BlueOcean\BlueOcean\BlueOcean.projitems*{f87337de-b516-494c-acaa-ea75ac9b52e9}*SharedItemsImports = 4
		BlueOcean\BlueOcean\BlueOcean.projitems*{9ee23d76-399d-4517-abc4-85177e11cafd}*SharedItemsImports = 13
		BlueOcean\BlueOcean\BlueOcean.projitems*{1405e853-ce8a-433f-9738-eadd71eea0db}*SharedItemsImports = 4
	EndGlobalSection
	GlobalSection(SolutionConfigurationPlatforms) = preSolution
		Ad-Hoc|Any CPU = Ad-Hoc|Any CPU
		Ad-Hoc|ARM = Ad-Hoc|ARM
		Ad-Hoc|iPhone = Ad-Hoc|iPhone
		Ad-Hoc|iPhoneSimulator = Ad-Hoc|iPhoneSimulator
		Ad-Hoc|Mixed Platforms = Ad-Hoc|Mixed Platforms
		Ad-Hoc|x86 = Ad-Hoc|x86
		AppStore|Any CPU = AppStore|Any CPU
		AppStore|ARM = AppStore|ARM
		AppStore|iPhone = AppStore|iPhone
		AppStore|iPhoneSimulator = AppStore|iPhoneSimulator
		AppStore|Mixed Platforms = AppStore|Mixed Platforms
		AppStore|x86 = AppStore|x86
		Debug|Any CPU = Debug|Any CPU
		Debug|ARM = Debug|ARM
		Debug|iPhone = Debug|iPhone
		Debug|iPhoneSimulator = Debug|iPhoneSimulator
		Debug|Mixed Platforms = Debug|Mixed Platforms
		Debug|x86 = Debug|x86
		Release|Any CPU = Release|Any CPU
		Release|ARM = Release|ARM
		Release|iPhone = Release|iPhone
		Release|iPhoneSimulator = Release|iPhoneSimulator
		Release|Mixed Platforms = Release|Mixed Platforms
		Release|x86 = Release|x86
	EndGlobalSection
	GlobalSection(ProjectConfigurationPlatforms) = postSolution
		{4AD950E1-C4BB-4A22-BF4B-2C2C29FDE179}.Ad-Hoc|Any CPU.ActiveCfg = Release|Any CPU
		{4AD950E1-C4BB-4A22-BF4B-2C2C29FDE179}.Ad-Hoc|Any CPU.Build.0 = Release|Any CPU
		{4AD950E1-C4BB-4A22-BF4B-2C2C29FDE179}.Ad-Hoc|Any CPU.Deploy.0 = Release|Any CPU
		{4AD950E1-C4BB-4A22-BF4B-2C2C29FDE179}.Ad-Hoc|ARM.ActiveCfg = Release|ARM
		{4AD950E1-C4BB-4A22-BF4B-2C2C29FDE179}.Ad-Hoc|ARM.Build.0 = Release|ARM
		{4AD950E1-C4BB-4A22-BF4B-2C2C29FDE179}.Ad-Hoc|ARM.Deploy.0 = Release|ARM
		{4AD950E1-C4BB-4A22-BF4B-2C2C29FDE179}.Ad-Hoc|iPhone.ActiveCfg = Release|Any CPU
		{4AD950E1-C4BB-4A22-BF4B-2C2C29FDE179}.Ad-Hoc|iPhoneSimulator.ActiveCfg = Release|Any CPU
		{4AD950E1-C4BB-4A22-BF4B-2C2C29FDE179}.Ad-Hoc|Mixed Platforms.ActiveCfg = Release|x86
		{4AD950E1-C4BB-4A22-BF4B-2C2C29FDE179}.Ad-Hoc|Mixed Platforms.Build.0 = Release|x86
		{4AD950E1-C4BB-4A22-BF4B-2C2C29FDE179}.Ad-Hoc|Mixed Platforms.Deploy.0 = Release|x86
		{4AD950E1-C4BB-4A22-BF4B-2C2C29FDE179}.Ad-Hoc|x86.ActiveCfg = Release|x86
		{4AD950E1-C4BB-4A22-BF4B-2C2C29FDE179}.Ad-Hoc|x86.Build.0 = Release|x86
		{4AD950E1-C4BB-4A22-BF4B-2C2C29FDE179}.Ad-Hoc|x86.Deploy.0 = Release|x86
		{4AD950E1-C4BB-4A22-BF4B-2C2C29FDE179}.AppStore|Any CPU.ActiveCfg = Release|Any CPU
		{4AD950E1-C4BB-4A22-BF4B-2C2C29FDE179}.AppStore|Any CPU.Build.0 = Release|Any CPU
		{4AD950E1-C4BB-4A22-BF4B-2C2C29FDE179}.AppStore|Any CPU.Deploy.0 = Release|Any CPU
		{4AD950E1-C4BB-4A22-BF4B-2C2C29FDE179}.AppStore|ARM.ActiveCfg = Release|ARM
		{4AD950E1-C4BB-4A22-BF4B-2C2C29FDE179}.AppStore|ARM.Build.0 = Release|ARM
		{4AD950E1-C4BB-4A22-BF4B-2C2C29FDE179}.AppStore|ARM.Deploy.0 = Release|ARM
		{4AD950E1-C4BB-4A22-BF4B-2C2C29FDE179}.AppStore|iPhone.ActiveCfg = Release|Any CPU
		{4AD950E1-C4BB-4A22-BF4B-2C2C29FDE179}.AppStore|iPhoneSimulator.ActiveCfg = Release|Any CPU
		{4AD950E1-C4BB-4A22-BF4B-2C2C29FDE179}.AppStore|Mixed Platforms.ActiveCfg = Release|x86
		{4AD950E1-C4BB-4A22-BF4B-2C2C29FDE179}.AppStore|Mixed Platforms.Build.0 = Release|x86
		{4AD950E1-C4BB-4A22-BF4B-2C2C29FDE179}.AppStore|Mixed Platforms.Deploy.0 = Release|x86
		{4AD950E1-C4BB-4A22-BF4B-2C2C29FDE179}.AppStore|x86.ActiveCfg = Release|x86
		{4AD950E1-C4BB-4A22-BF4B-2C2C29FDE179}.AppStore|x86.Build.0 = Release|x86
		{4AD950E1-C4BB-4A22-BF4B-2C2C29FDE179}.AppStore|x86.Deploy.0 = Release|x86
		{4AD950E1-C4BB-4A22-BF4B-2C2C29FDE179}.Debug|Any CPU.ActiveCfg = Debug|Any CPU
		{4AD950E1-C4BB-4A22-BF4B-2C2C29FDE179}.Debug|Any CPU.Build.0 = Debug|Any CPU
		{4AD950E1-C4BB-4A22-BF4B-2C2C29FDE179}.Debug|Any CPU.Deploy.0 = Debug|Any CPU
		{4AD950E1-C4BB-4A22-BF4B-2C2C29FDE179}.Debug|ARM.ActiveCfg = Debug|ARM
		{4AD950E1-C4BB-4A22-BF4B-2C2C29FDE179}.Debug|ARM.Build.0 = Debug|ARM
		{4AD950E1-C4BB-4A22-BF4B-2C2C29FDE179}.Debug|ARM.Deploy.0 = Debug|ARM
		{4AD950E1-C4BB-4A22-BF4B-2C2C29FDE179}.Debug|iPhone.ActiveCfg = Debug|Any CPU
		{4AD950E1-C4BB-4A22-BF4B-2C2C29FDE179}.Debug|iPhoneSimulator.ActiveCfg = Debug|Any CPU
		{4AD950E1-C4BB-4A22-BF4B-2C2C29FDE179}.Debug|Mixed Platforms.ActiveCfg = Debug|x86
		{4AD950E1-C4BB-4A22-BF4B-2C2C29FDE179}.Debug|Mixed Platforms.Build.0 = Debug|x86
		{4AD950E1-C4BB-4A22-BF4B-2C2C29FDE179}.Debug|Mixed Platforms.Deploy.0 = Debug|x86
		{4AD950E1-C4BB-4A22-BF4B-2C2C29FDE179}.Debug|x86.ActiveCfg = Debug|x86
		{4AD950E1-C4BB-4A22-BF4B-2C2C29FDE179}.Debug|x86.Build.0 = Debug|x86
		{4AD950E1-C4BB-4A22-BF4B-2C2C29FDE179}.Debug|x86.Deploy.0 = Debug|x86
		{4AD950E1-C4BB-4A22-BF4B-2C2C29FDE179}.Release|Any CPU.ActiveCfg = Release|Any CPU
		{4AD950E1-C4BB-4A22-BF4B-2C2C29FDE179}.Release|Any CPU.Build.0 = Release|Any CPU
		{4AD950E1-C4BB-4A22-BF4B-2C2C29FDE179}.Release|Any CPU.Deploy.0 = Release|Any CPU
		{4AD950E1-C4BB-4A22-BF4B-2C2C29FDE179}.Release|ARM.ActiveCfg = Release|ARM
		{4AD950E1-C4BB-4A22-BF4B-2C2C29FDE179}.Release|ARM.Build.0 = Release|ARM
		{4AD950E1-C4BB-4A22-BF4B-2C2C29FDE179}.Release|ARM.Deploy.0 = Release|ARM
		{4AD950E1-C4BB-4A22-BF4B-2C2C29FDE179}.Release|iPhone.ActiveCfg = Release|Any CPU
		{4AD950E1-C4BB-4A22-BF4B-2C2C29FDE179}.Release|iPhoneSimulator.ActiveCfg = Release|Any CPU
		{4AD950E1-C4BB-4A22-BF4B-2C2C29FDE179}.Release|Mixed Platforms.ActiveCfg = Release|x86
		{4AD950E1-C4BB-4A22-BF4B-2C2C29FDE179}.Release|Mixed Platforms.Build.0 = Release|x86
		{4AD950E1-C4BB-4A22-BF4B-2C2C29FDE179}.Release|Mixed Platforms.Deploy.0 = Release|x86
		{4AD950E1-C4BB-4A22-BF4B-2C2C29FDE179}.Release|x86.ActiveCfg = Release|x86
		{4AD950E1-C4BB-4A22-BF4B-2C2C29FDE179}.Release|x86.Build.0 = Release|x86
		{4AD950E1-C4BB-4A22-BF4B-2C2C29FDE179}.Release|x86.Deploy.0 = Release|x86
		{1405E853-CE8A-433F-9738-EADD71EEA0DB}.Ad-Hoc|Any CPU.ActiveCfg = Ad-Hoc|iPhone
		{1405E853-CE8A-433F-9738-EADD71EEA0DB}.Ad-Hoc|ARM.ActiveCfg = Ad-Hoc|iPhone
		{1405E853-CE8A-433F-9738-EADD71EEA0DB}.Ad-Hoc|iPhone.ActiveCfg = Ad-Hoc|iPhone
		{1405E853-CE8A-433F-9738-EADD71EEA0DB}.Ad-Hoc|iPhone.Build.0 = Ad-Hoc|iPhone
		{1405E853-CE8A-433F-9738-EADD71EEA0DB}.Ad-Hoc|iPhoneSimulator.ActiveCfg = Ad-Hoc|iPhoneSimulator
		{1405E853-CE8A-433F-9738-EADD71EEA0DB}.Ad-Hoc|iPhoneSimulator.Build.0 = Ad-Hoc|iPhoneSimulator
		{1405E853-CE8A-433F-9738-EADD71EEA0DB}.Ad-Hoc|Mixed Platforms.ActiveCfg = Ad-Hoc|iPhone
		{1405E853-CE8A-433F-9738-EADD71EEA0DB}.Ad-Hoc|Mixed Platforms.Build.0 = Ad-Hoc|iPhone
		{1405E853-CE8A-433F-9738-EADD71EEA0DB}.Ad-Hoc|x86.ActiveCfg = Ad-Hoc|iPhone
		{1405E853-CE8A-433F-9738-EADD71EEA0DB}.AppStore|Any CPU.ActiveCfg = AppStore|iPhone
		{1405E853-CE8A-433F-9738-EADD71EEA0DB}.AppStore|ARM.ActiveCfg = AppStore|iPhone
		{1405E853-CE8A-433F-9738-EADD71EEA0DB}.AppStore|iPhone.ActiveCfg = AppStore|iPhone
		{1405E853-CE8A-433F-9738-EADD71EEA0DB}.AppStore|iPhone.Build.0 = AppStore|iPhone
		{1405E853-CE8A-433F-9738-EADD71EEA0DB}.AppStore|iPhoneSimulator.ActiveCfg = AppStore|iPhoneSimulator
		{1405E853-CE8A-433F-9738-EADD71EEA0DB}.AppStore|iPhoneSimulator.Build.0 = AppStore|iPhoneSimulator
		{1405E853-CE8A-433F-9738-EADD71EEA0DB}.AppStore|Mixed Platforms.ActiveCfg = AppStore|iPhone
		{1405E853-CE8A-433F-9738-EADD71EEA0DB}.AppStore|Mixed Platforms.Build.0 = AppStore|iPhone
		{1405E853-CE8A-433F-9738-EADD71EEA0DB}.AppStore|x86.ActiveCfg = AppStore|iPhone
		{1405E853-CE8A-433F-9738-EADD71EEA0DB}.Debug|Any CPU.ActiveCfg = Debug|iPhone
		{1405E853-CE8A-433F-9738-EADD71EEA0DB}.Debug|ARM.ActiveCfg = Debug|iPhone
		{1405E853-CE8A-433F-9738-EADD71EEA0DB}.Debug|iPhone.ActiveCfg = Debug|iPhone
		{1405E853-CE8A-433F-9738-EADD71EEA0DB}.Debug|iPhone.Build.0 = Debug|iPhone
		{1405E853-CE8A-433F-9738-EADD71EEA0DB}.Debug|iPhoneSimulator.ActiveCfg = Debug|iPhoneSimulator
		{1405E853-CE8A-433F-9738-EADD71EEA0DB}.Debug|iPhoneSimulator.Build.0 = Debug|iPhoneSimulator
		{1405E853-CE8A-433F-9738-EADD71EEA0DB}.Debug|Mixed Platforms.ActiveCfg = Debug|iPhone
		{1405E853-CE8A-433F-9738-EADD71EEA0DB}.Debug|Mixed Platforms.Build.0 = Debug|iPhone
		{1405E853-CE8A-433F-9738-EADD71EEA0DB}.Debug|x86.ActiveCfg = Debug|iPhone
		{1405E853-CE8A-433F-9738-EADD71EEA0DB}.Release|Any CPU.ActiveCfg = Release|iPhone
		{1405E853-CE8A-433F-9738-EADD71EEA0DB}.Release|ARM.ActiveCfg = Release|iPhone
		{1405E853-CE8A-433F-9738-EADD71EEA0DB}.Release|iPhone.ActiveCfg = Release|iPhone
		{1405E853-CE8A-433F-9738-EADD71EEA0DB}.Release|iPhone.Build.0 = Release|iPhone
		{1405E853-CE8A-433F-9738-EADD71EEA0DB}.Release|iPhoneSimulator.ActiveCfg = Release|iPhoneSimulator
		{1405E853-CE8A-433F-9738-EADD71EEA0DB}.Release|iPhoneSimulator.Build.0 = Release|iPhoneSimulator
		{1405E853-CE8A-433F-9738-EADD71EEA0DB}.Release|Mixed Platforms.ActiveCfg = Release|iPhone
		{1405E853-CE8A-433F-9738-EADD71EEA0DB}.Release|Mixed Platforms.Build.0 = Release|iPhone
		{1405E853-CE8A-433F-9738-EADD71EEA0DB}.Release|x86.ActiveCfg = Release|iPhone
		{F87337DE-B516-494C-ACAA-EA75AC9B52E9}.Ad-Hoc|Any CPU.ActiveCfg = Release|Any CPU
		{F87337DE-B516-494C-ACAA-EA75AC9B52E9}.Ad-Hoc|Any CPU.Build.0 = Release|Any CPU
		{F87337DE-B516-494C-ACAA-EA75AC9B52E9}.Ad-Hoc|Any CPU.Deploy.0 = Release|Any CPU
		{F87337DE-B516-494C-ACAA-EA75AC9B52E9}.Ad-Hoc|ARM.ActiveCfg = Release|Any CPU
		{F87337DE-B516-494C-ACAA-EA75AC9B52E9}.Ad-Hoc|iPhone.ActiveCfg = Release|Any CPU
		{F87337DE-B516-494C-ACAA-EA75AC9B52E9}.Ad-Hoc|iPhoneSimulator.ActiveCfg = Release|Any CPU
		{F87337DE-B516-494C-ACAA-EA75AC9B52E9}.Ad-Hoc|Mixed Platforms.ActiveCfg = Release|Any CPU
		{F87337DE-B516-494C-ACAA-EA75AC9B52E9}.Ad-Hoc|Mixed Platforms.Build.0 = Release|Any CPU
		{F87337DE-B516-494C-ACAA-EA75AC9B52E9}.Ad-Hoc|Mixed Platforms.Deploy.0 = Release|Any CPU
		{F87337DE-B516-494C-ACAA-EA75AC9B52E9}.Ad-Hoc|x86.ActiveCfg = Release|Any CPU
		{F87337DE-B516-494C-ACAA-EA75AC9B52E9}.AppStore|Any CPU.ActiveCfg = Release|Any CPU
		{F87337DE-B516-494C-ACAA-EA75AC9B52E9}.AppStore|Any CPU.Build.0 = Release|Any CPU
		{F87337DE-B516-494C-ACAA-EA75AC9B52E9}.AppStore|Any CPU.Deploy.0 = Release|Any CPU
		{F87337DE-B516-494C-ACAA-EA75AC9B52E9}.AppStore|ARM.ActiveCfg = Release|Any CPU
		{F87337DE-B516-494C-ACAA-EA75AC9B52E9}.AppStore|iPhone.ActiveCfg = Release|Any CPU
		{F87337DE-B516-494C-ACAA-EA75AC9B52E9}.AppStore|iPhoneSimulator.ActiveCfg = Release|Any CPU
		{F87337DE-B516-494C-ACAA-EA75AC9B52E9}.AppStore|Mixed Platforms.ActiveCfg = Release|Any CPU
		{F87337DE-B516-494C-ACAA-EA75AC9B52E9}.AppStore|Mixed Platforms.Build.0 = Release|Any CPU
		{F87337DE-B516-494C-ACAA-EA75AC9B52E9}.AppStore|Mixed Platforms.Deploy.0 = Release|Any CPU
		{F87337DE-B516-494C-ACAA-EA75AC9B52E9}.AppStore|x86.ActiveCfg = Release|Any CPU
		{F87337DE-B516-494C-ACAA-EA75AC9B52E9}.Debug|Any CPU.ActiveCfg = Debug|Any CPU
		{F87337DE-B516-494C-ACAA-EA75AC9B52E9}.Debug|Any CPU.Build.0 = Debug|Any CPU
		{F87337DE-B516-494C-ACAA-EA75AC9B52E9}.Debug|Any CPU.Deploy.0 = Debug|Any CPU
		{F87337DE-B516-494C-ACAA-EA75AC9B52E9}.Debug|ARM.ActiveCfg = Debug|Any CPU
		{F87337DE-B516-494C-ACAA-EA75AC9B52E9}.Debug|iPhone.ActiveCfg = Debug|Any CPU
		{F87337DE-B516-494C-ACAA-EA75AC9B52E9}.Debug|iPhoneSimulator.ActiveCfg = Debug|Any CPU
		{F87337DE-B516-494C-ACAA-EA75AC9B52E9}.Debug|Mixed Platforms.ActiveCfg = Debug|Any CPU
		{F87337DE-B516-494C-ACAA-EA75AC9B52E9}.Debug|Mixed Platforms.Build.0 = Debug|Any CPU
		{F87337DE-B516-494C-ACAA-EA75AC9B52E9}.Debug|Mixed Platforms.Deploy.0 = Debug|Any CPU
		{F87337DE-B516-494C-ACAA-EA75AC9B52E9}.Debug|x86.ActiveCfg = Debug|Any CPU
		{F87337DE-B516-494C-ACAA-EA75AC9B52E9}.Release|Any CPU.ActiveCfg = Release|Any CPU
		{F87337DE-B516-494C-ACAA-EA75AC9B52E9}.Release|Any CPU.Build.0 = Release|Any CPU
		{F87337DE-B516-494C-ACAA-EA75AC9B52E9}.Release|Any CPU.Deploy.0 = Release|Any CPU
		{F87337DE-B516-494C-ACAA-EA75AC9B52E9}.Release|ARM.ActiveCfg = Release|Any CPU
		{F87337DE-B516-494C-ACAA-EA75AC9B52E9}.Release|iPhone.ActiveCfg = Release|Any CPU
		{F87337DE-B516-494C-ACAA-EA75AC9B52E9}.Release|iPhoneSimulator.ActiveCfg = Release|Any CPU
		{F87337DE-B516-494C-ACAA-EA75AC9B52E9}.Release|Mixed Platforms.ActiveCfg = Release|Any CPU
		{F87337DE-B516-494C-ACAA-EA75AC9B52E9}.Release|Mixed Platforms.Build.0 = Release|Any CPU
		{F87337DE-B516-494C-ACAA-EA75AC9B52E9}.Release|Mixed Platforms.Deploy.0 = Release|Any CPU
		{F87337DE-B516-494C-ACAA-EA75AC9B52E9}.Release|x86.ActiveCfg = Release|Any CPU
	EndGlobalSection
	GlobalSection(SolutionProperties) = preSolution
		HideSolutionNode = FALSE
	EndGlobalSection
EndGlobal
